
Microsoft Visual Studio Solution File, Format Version 12.00
# Visual Studio Version 17
VisualStudioVersion = 17.7.34221.43
MinimumVisualStudioVersion = 10.0.40219.1
Project("{9A19103F-16F7-4668-BE54-9A1E7A4F7556}") = "MyLab3", "MyLab3\MyLab3.csproj", "{E5C08F27-AE41-4A28-95C4-77FF8731903B}"
EndProject
Project("{9A19103F-16F7-4668-BE54-9A1E7A4F7556}") = "Tests_num_ml_db", "..\Tests_num_ml_db\Tests_num_ml_db\Tests_num_ml_db.csproj", "{16AA645D-69BB-431B-80FC-56BC4DF544E1}"
EndProject
Global
	GlobalSection(SolutionConfigurationPlatforms) = preSolution
		Debug|Any CPU = Debug|Any CPU
		Release|Any CPU = Release|Any CPU
	EndGlobalSection
	GlobalSection(ProjectConfigurationPlatforms) = postSolution
		{E5C08F27-AE41-4A28-95C4-77FF8731903B}.Debug|Any CPU.ActiveCfg = Debug|Any CPU
		{E5C08F27-AE41-4A28-95C4-77FF8731903B}.Debug|Any CPU.Build.0 = Debug|Any CPU
		{E5C08F27-AE41-4A28-95C4-77FF8731903B}.Release|Any CPU.ActiveCfg = Release|Any CPU
		{E5C08F27-AE41-4A28-95C4-77FF8731903B}.Release|Any CPU.Build.0 = Release|Any CPU
		{16AA645D-69BB-431B-80FC-56BC4DF544E1}.Debug|Any CPU.ActiveCfg = Debug|Any CPU
		{16AA645D-69BB-431B-80FC-56BC4DF544E1}.Debug|Any CPU.Build.0 = Debug|Any CPU
		{16AA645D-69BB-431B-80FC-56BC4DF544E1}.Release|Any CPU.ActiveCfg = Release|Any CPU
		{16AA645D-69BB-431B-80FC-56BC4DF544E1}.Release|Any CPU.Build.0 = Release|Any CPU
	EndGlobalSection
	GlobalSection(SolutionProperties) = preSolution
		HideSolutionNode = FALSE
	EndGlobalSection
	GlobalSection(ExtensibilityGlobals) = postSolution
		SolutionGuid = {4AA04F59-F7A1-42E6-85AB-950F5EFCA26D}
	EndGlobalSection
EndGlobal
